
Microsoft Visual Studio Solution File, Format Version 12.00
# Visual Studio Version 16
VisualStudioVersion = 16.0.30717.126
MinimumVisualStudioVersion = 10.0.40219.1
Project("{8BC9CEB8-8B4A-11D0-8D11-00A0C91BC942}") = "kazino", "kazino\kazino.vcxproj", "{3BA611C1-7DD4-4C41-9C48-F5140B058ABA}"
EndProject
Global
	GlobalSection(SolutionConfigurationPlatforms) = preSolution
		Debug|x64 = Debug|x64
		Debug|x86 = Debug|x86
		Release|x64 = Release|x64
		Release|x86 = Release|x86
	EndGlobalSection
	GlobalSection(ProjectConfigurationPlatforms) = postSolution
		{3BA611C1-7DD4-4C41-9C48-F5140B058ABA}.Debug|x64.ActiveCfg = Debug|x64
		{3BA611C1-7DD4-4C41-9C48-F5140B058ABA}.Debug|x64.Build.0 = Debug|x64
		{3BA611C1-7DD4-4C41-9C48-F5140B058ABA}.Debug|x86.ActiveCfg = Debug|Win32
		{3BA611C1-7DD4-4C41-9C48-F5140B058ABA}.Debug|x86.Build.0 = Debug|Win32
		{3BA611C1-7DD4-4C41-9C48-F5140B058ABA}.Release|x64.ActiveCfg = Release|x64
		{3BA611C1-7DD4-4C41-9C48-F5140B058ABA}.Release|x64.Build.0 = Release|x64
		{3BA611C1-7DD4-4C41-9C48-F5140B058ABA}.Release|x86.ActiveCfg = Release|Win32
		{3BA611C1-7DD4-4C41-9C48-F5140B058ABA}.Release|x86.Build.0 = Release|Win32
	EndGlobalSection
	GlobalSection(SolutionProperties) = preSolution
		HideSolutionNode = FALSE
	EndGlobalSection
	GlobalSection(ExtensibilityGlobals) = postSolution
		SolutionGuid = {FAB873D7-3436-49B8-AC15-D8C8F752C5A0}
	EndGlobalSection
EndGlobal
